
Microsoft Visual Studio Solution File, Format Version 12.00
# Visual Studio Version 17
VisualStudioVersion = 17.5.002.0
MinimumVisualStudioVersion = 10.0.40219.1
Project("{2150E333-8FDC-42A3-9474-1A3956D46DE8}") = "csharp-prep", "csharp-prep", "{F19C1E78-889A-4CAB-87A1-0637CBFF19FC}"
EndProject
Project("{9A19103F-16F7-4668-BE54-9A1E7A4F7556}") = "Prep1", "csharp-prep\Prep1\Prep1.csproj", "{F3FB9046-83A2-48BB-943C-4CC79446797C}"
EndProject
Project("{9A19103F-16F7-4668-BE54-9A1E7A4F7556}") = "Prep2", "csharp-prep\Prep2\Prep2.csproj", "{DC376B58-79A8-49A6-999D-AAE1D482D041}"
EndProject
Project("{9A19103F-16F7-4668-BE54-9A1E7A4F7556}") = "Prep3", "csharp-prep\Prep3\Prep3.csproj", "{59250509-826E-4641-9855-E2BA4B6D01FA}"
EndProject
Project("{9A19103F-16F7-4668-BE54-9A1E7A4F7556}") = "Prep4", "csharp-prep\Prep4\Prep4.csproj", "{0C1A0784-F6B4-4CB9-831A-F05BAD3CD68B}"
EndProject
Project("{9A19103F-16F7-4668-BE54-9A1E7A4F7556}") = "Prep5", "csharp-prep\Prep5\Prep5.csproj", "{FBB98D00-C435-47FD-BD7F-E52063C9DFC4}"
EndProject
Project("{2150E333-8FDC-42A3-9474-1A3956D46DE8}") = "final", "final", "{C9FC73FA-58B9-41AB-ABE0-04BFFC32A110}"
EndProject
Project("{9A19103F-16F7-4668-BE54-9A1E7A4F7556}") = "FinalProject", "final\FinalProject\FinalProject.csproj", "{C4894C5A-C687-4970-8C49-57087F830698}"
EndProject
Project("{9A19103F-16F7-4668-BE54-9A1E7A4F7556}") = "Foundation1", "final\Foundation1\Foundation1.csproj", "{FCA993E2-4D0E-4E47-84DF-59C462B9F7C5}"
EndProject
Project("{9A19103F-16F7-4668-BE54-9A1E7A4F7556}") = "Foundation2", "final\Foundation2\Foundation2.csproj", "{0F7B1B2A-206E-4B01-ADC2-25E439DFAF0A}"
EndProject
Project("{9A19103F-16F7-4668-BE54-9A1E7A4F7556}") = "Foundation3", "final\Foundation3\Foundation3.csproj", "{3AA66EA3-6490-45E1-B2AB-95093C523461}"
EndProject
Project("{9A19103F-16F7-4668-BE54-9A1E7A4F7556}") = "Foundation4", "final\Foundation4\Foundation4.csproj", "{7A208CA3-7B11-43F4-A5DF-B2E203663F08}"
EndProject
Project("{2150E333-8FDC-42A3-9474-1A3956D46DE8}") = "prepare", "prepare", "{E0E58BDF-FC49-4562-84B3-8F6CEF14DC88}"
EndProject
Project("{9A19103F-16F7-4668-BE54-9A1E7A4F7556}") = "Learning02", "prepare\Learning02\Learning02.csproj", "{A181490F-9BA1-441E-8988-90962CBC0078}"
EndProject
Project("{9A19103F-16F7-4668-BE54-9A1E7A4F7556}") = "Learning03", "prepare\Learning03\Learning03.csproj", "{5FBFF46B-E787-4243-8817-8454AC796A28}"
EndProject
Project("{9A19103F-16F7-4668-BE54-9A1E7A4F7556}") = "Learning04", "prepare\Learning04\Learning04.csproj", "{DD853A0A-F5BD-4702-8A99-FA95B2E1FFED}"
EndProject
Project("{9A19103F-16F7-4668-BE54-9A1E7A4F7556}") = "Learning05", "prepare\Learning05\Learning05.csproj", "{9F258006-5D31-4D3B-8B5E-8B4191D79575}"
EndProject
Project("{2150E333-8FDC-42A3-9474-1A3956D46DE8}") = "prove", "prove", "{EB836667-6B2B-441D-8B14-ED296FA4C0FC}"
EndProject
Project("{9A19103F-16F7-4668-BE54-9A1E7A4F7556}") = "Develop02", "prove\Develop02\Develop02.csproj", "{4B518361-1264-4EC5-AE3E-562364567DC3}"
EndProject
Project("{9A19103F-16F7-4668-BE54-9A1E7A4F7556}") = "Develop03", "prove\Develop03\Develop03.csproj", "{B2A59C33-7714-4EF1-A242-09FBC3A35A3E}"
EndProject
Project("{9A19103F-16F7-4668-BE54-9A1E7A4F7556}") = "Develop04", "prove\Develop04\Develop04.csproj", "{3E7101A3-70EF-45DE-A8E2-CBBF7796C959}"
EndProject
Project("{9A19103F-16F7-4668-BE54-9A1E7A4F7556}") = "Develop05", "prove\Develop05\Develop05.csproj", "{0A10B667-952D-446B-A748-6309F1FDE36A}"
EndProject
Project("{2150E333-8FDC-42A3-9474-1A3956D46DE8}") = "sandbox", "sandbox", "{656DD36D-0CAE-4016-8E40-6C50B51581F9}"
EndProject
Project("{9A19103F-16F7-4668-BE54-9A1E7A4F7556}") = "Sandbox", "sandbox\Sandbox\Sandbox.csproj", "{09B49E11-50B8-4BAB-A49D-847DD9D3093A}"
EndProject
Global
	GlobalSection(SolutionConfigurationPlatforms) = preSolution
		Debug|Any CPU = Debug|Any CPU
		Release|Any CPU = Release|Any CPU
	EndGlobalSection
	GlobalSection(ProjectConfigurationPlatforms) = postSolution
		{F3FB9046-83A2-48BB-943C-4CC79446797C}.Debug|Any CPU.ActiveCfg = Debug|Any CPU
		{F3FB9046-83A2-48BB-943C-4CC79446797C}.Debug|Any CPU.Build.0 = Debug|Any CPU
		{F3FB9046-83A2-48BB-943C-4CC79446797C}.Release|Any CPU.ActiveCfg = Release|Any CPU
		{F3FB9046-83A2-48BB-943C-4CC79446797C}.Release|Any CPU.Build.0 = Release|Any CPU
		{DC376B58-79A8-49A6-999D-AAE1D482D041}.Debug|Any CPU.ActiveCfg = Debug|Any CPU
		{DC376B58-79A8-49A6-999D-AAE1D482D041}.Debug|Any CPU.Build.0 = Debug|Any CPU
		{DC376B58-79A8-49A6-999D-AAE1D482D041}.Release|Any CPU.ActiveCfg = Release|Any CPU
		{DC376B58-79A8-49A6-999D-AAE1D482D041}.Release|Any CPU.Build.0 = Release|Any CPU
		{59250509-826E-4641-9855-E2BA4B6D01FA}.Debug|Any CPU.ActiveCfg = Debug|Any CPU
		{59250509-826E-4641-9855-E2BA4B6D01FA}.Debug|Any CPU.Build.0 = Debug|Any CPU
		{59250509-826E-4641-9855-E2BA4B6D01FA}.Release|Any CPU.ActiveCfg = Release|Any CPU
		{59250509-826E-4641-9855-E2BA4B6D01FA}.Release|Any CPU.Build.0 = Release|Any CPU
		{0C1A0784-F6B4-4CB9-831A-F05BAD3CD68B}.Debug|Any CPU.ActiveCfg = Debug|Any CPU
		{0C1A0784-F6B4-4CB9-831A-F05BAD3CD68B}.Debug|Any CPU.Build.0 = Debug|Any CPU
		{0C1A0784-F6B4-4CB9-831A-F05BAD3CD68B}.Release|Any CPU.ActiveCfg = Release|Any CPU
		{0C1A0784-F6B4-4CB9-831A-F05BAD3CD68B}.Release|Any CPU.Build.0 = Release|Any CPU
		{FBB98D00-C435-47FD-BD7F-E52063C9DFC4}.Debug|Any CPU.ActiveCfg = Debug|Any CPU
		{FBB98D00-C435-47FD-BD7F-E52063C9DFC4}.Debug|Any CPU.Build.0 = Debug|Any CPU
		{FBB98D00-C435-47FD-BD7F-E52063C9DFC4}.Release|Any CPU.ActiveCfg = Release|Any CPU
		{FBB98D00-C435-47FD-BD7F-E52063C9DFC4}.Release|Any CPU.Build.0 = Release|Any CPU
		{C4894C5A-C687-4970-8C49-57087F830698}.Debug|Any CPU.ActiveCfg = Debug|Any CPU
		{C4894C5A-C687-4970-8C49-57087F830698}.Debug|Any CPU.Build.0 = Debug|Any CPU
		{C4894C5A-C687-4970-8C49-57087F830698}.Release|Any CPU.ActiveCfg = Release|Any CPU
		{C4894C5A-C687-4970-8C49-57087F830698}.Release|Any CPU.Build.0 = Release|Any CPU
		{FCA993E2-4D0E-4E47-84DF-59C462B9F7C5}.Debug|Any CPU.ActiveCfg = Debug|Any CPU
		{FCA993E2-4D0E-4E47-84DF-59C462B9F7C5}.Debug|Any CPU.Build.0 = Debug|Any CPU
		{FCA993E2-4D0E-4E47-84DF-59C462B9F7C5}.Release|Any CPU.ActiveCfg = Release|Any CPU
		{FCA993E2-4D0E-4E47-84DF-59C462B9F7C5}.Release|Any CPU.Build.0 = Release|Any CPU
		{0F7B1B2A-206E-4B01-ADC2-25E439DFAF0A}.Debug|Any CPU.ActiveCfg = Debug|Any CPU
		{0F7B1B2A-206E-4B01-ADC2-25E439DFAF0A}.Debug|Any CPU.Build.0 = Debug|Any CPU
		{0F7B1B2A-206E-4B01-ADC2-25E439DFAF0A}.Release|Any CPU.ActiveCfg = Release|Any CPU
		{0F7B1B2A-206E-4B01-ADC2-25E439DFAF0A}.Release|Any CPU.Build.0 = Release|Any CPU
		{3AA66EA3-6490-45E1-B2AB-95093C523461}.Debug|Any CPU.ActiveCfg = Debug|Any CPU
		{3AA66EA3-6490-45E1-B2AB-95093C523461}.Debug|Any CPU.Build.0 = Debug|Any CPU
		{3AA66EA3-6490-45E1-B2AB-95093C523461}.Release|Any CPU.ActiveCfg = Release|Any CPU
		{3AA66EA3-6490-45E1-B2AB-95093C523461}.Release|Any CPU.Build.0 = Release|Any CPU
		{7A208CA3-7B11-43F4-A5DF-B2E203663F08}.Debug|Any CPU.ActiveCfg = Debug|Any CPU
		{7A208CA3-7B11-43F4-A5DF-B2E203663F08}.Debug|Any CPU.Build.0 = Debug|Any CPU
		{7A208CA3-7B11-43F4-A5DF-B2E203663F08}.Release|Any CPU.ActiveCfg = Release|Any CPU
		{7A208CA3-7B11-43F4-A5DF-B2E203663F08}.Release|Any CPU.Build.0 = Release|Any CPU
		{A181490F-9BA1-441E-8988-90962CBC0078}.Debug|Any CPU.ActiveCfg = Debug|Any CPU
		{A181490F-9BA1-441E-8988-90962CBC0078}.Debug|Any CPU.Build.0 = Debug|Any CPU
		{A181490F-9BA1-441E-8988-90962CBC0078}.Release|Any CPU.ActiveCfg = Release|Any CPU
		{A181490F-9BA1-441E-8988-90962CBC0078}.Release|Any CPU.Build.0 = Release|Any CPU
		{5FBFF46B-E787-4243-8817-8454AC796A28}.Debug|Any CPU.ActiveCfg = Debug|Any CPU
		{5FBFF46B-E787-4243-8817-8454AC796A28}.Debug|Any CPU.Build.0 = Debug|Any CPU
		{5FBFF46B-E787-4243-8817-8454AC796A28}.Release|Any CPU.ActiveCfg = Release|Any CPU
		{5FBFF46B-E787-4243-8817-8454AC796A28}.Release|Any CPU.Build.0 = Release|Any CPU
		{DD853A0A-F5BD-4702-8A99-FA95B2E1FFED}.Debug|Any CPU.ActiveCfg = Debug|Any CPU
		{DD853A0A-F5BD-4702-8A99-FA95B2E1FFED}.Debug|Any CPU.Build.0 = Debug|Any CPU
		{DD853A0A-F5BD-4702-8A99-FA95B2E1FFED}.Release|Any CPU.ActiveCfg = Release|Any CPU
		{DD853A0A-F5BD-4702-8A99-FA95B2E1FFED}.Release|Any CPU.Build.0 = Release|Any CPU
		{9F258006-5D31-4D3B-8B5E-8B4191D79575}.Debug|Any CPU.ActiveCfg = Debug|Any CPU
		{9F258006-5D31-4D3B-8B5E-8B4191D79575}.Debug|Any CPU.Build.0 = Debug|Any CPU
		{9F258006-5D31-4D3B-8B5E-8B4191D79575}.Release|Any CPU.ActiveCfg = Release|Any CPU
		{9F258006-5D31-4D3B-8B5E-8B4191D79575}.Release|Any CPU.Build.0 = Release|Any CPU
		{4B518361-1264-4EC5-AE3E-562364567DC3}.Debug|Any CPU.ActiveCfg = Debug|Any CPU
		{4B518361-1264-4EC5-AE3E-562364567DC3}.Debug|Any CPU.Build.0 = Debug|Any CPU
		{4B518361-1264-4EC5-AE3E-562364567DC3}.Release|Any CPU.ActiveCfg = Release|Any CPU
		{4B518361-1264-4EC5-AE3E-562364567DC3}.Release|Any CPU.Build.0 = Release|Any CPU
		{B2A59C33-7714-4EF1-A242-09FBC3A35A3E}.Debug|Any CPU.ActiveCfg = Debug|Any CPU
		{B2A59C33-7714-4EF1-A242-09FBC3A35A3E}.Debug|Any CPU.Build.0 = Debug|Any CPU
		{B2A59C33-7714-4EF1-A242-09FBC3A35A3E}.Release|Any CPU.ActiveCfg = Release|Any CPU
		{B2A59C33-7714-4EF1-A242-09FBC3A35A3E}.Release|Any CPU.Build.0 = Release|Any CPU
		{3E7101A3-70EF-45DE-A8E2-CBBF7796C959}.Debug|Any CPU.ActiveCfg = Debug|Any CPU
		{3E7101A3-70EF-45DE-A8E2-CBBF7796C959}.Debug|Any CPU.Build.0 = Debug|Any CPU
		{3E7101A3-70EF-45DE-A8E2-CBBF7796C959}.Release|Any CPU.ActiveCfg = Release|Any CPU
		{3E7101A3-70EF-45DE-A8E2-CBBF7796C959}.Release|Any CPU.Build.0 = Release|Any CPU
		{0A10B667-952D-446B-A748-6309F1FDE36A}.Debug|Any CPU.ActiveCfg = Debug|Any CPU
		{0A10B667-952D-446B-A748-6309F1FDE36A}.Debug|Any CPU.Build.0 = Debug|Any CPU
		{0A10B667-952D-446B-A748-6309F1FDE36A}.Release|Any CPU.ActiveCfg = Release|Any CPU
		{0A10B667-952D-446B-A748-6309F1FDE36A}.Release|Any CPU.Build.0 = Release|Any CPU
		{09B49E11-50B8-4BAB-A49D-847DD9D3093A}.Debug|Any CPU.ActiveCfg = Debug|Any CPU
		{09B49E11-50B8-4BAB-A49D-847DD9D3093A}.Debug|Any CPU.Build.0 = Debug|Any CPU
		{09B49E11-50B8-4BAB-A49D-847DD9D3093A}.Release|Any CPU.ActiveCfg = Release|Any CPU
		{09B49E11-50B8-4BAB-A49D-847DD9D3093A}.Release|Any CPU.Build.0 = Release|Any CPU
	EndGlobalSection
	GlobalSection(SolutionProperties) = preSolution
		HideSolutionNode = FALSE
	EndGlobalSection
	GlobalSection(NestedProjects) = preSolution
		{F3FB9046-83A2-48BB-943C-4CC79446797C} = {F19C1E78-889A-4CAB-87A1-0637CBFF19FC}
		{DC376B58-79A8-49A6-999D-AAE1D482D041} = {F19C1E78-889A-4CAB-87A1-0637CBFF19FC}
		{59250509-826E-4641-9855-E2BA4B6D01FA} = {F19C1E78-889A-4CAB-87A1-0637CBFF19FC}
		{0C1A0784-F6B4-4CB9-831A-F05BAD3CD68B} = {F19C1E78-889A-4CAB-87A1-0637CBFF19FC}
		{FBB98D00-C435-47FD-BD7F-E52063C9DFC4} = {F19C1E78-889A-4CAB-87A1-0637CBFF19FC}
		{C4894C5A-C687-4970-8C49-57087F830698} = {C9FC73FA-58B9-41AB-ABE0-04BFFC32A110}
		{FCA993E2-4D0E-4E47-84DF-59C462B9F7C5} = {C9FC73FA-58B9-41AB-ABE0-04BFFC32A110}
		{0F7B1B2A-206E-4B01-ADC2-25E439DFAF0A} = {C9FC73FA-58B9-41AB-ABE0-04BFFC32A110}
		{3AA66EA3-6490-45E1-B2AB-95093C523461} = {C9FC73FA-58B9-41AB-ABE0-04BFFC32A110}
		{7A208CA3-7B11-43F4-A5DF-B2E203663F08} = {C9FC73FA-58B9-41AB-ABE0-04BFFC32A110}
		{A181490F-9BA1-441E-8988-90962CBC0078} = {E0E58BDF-FC49-4562-84B3-8F6CEF14DC88}
		{5FBFF46B-E787-4243-8817-8454AC796A28} = {E0E58BDF-FC49-4562-84B3-8F6CEF14DC88}
		{DD853A0A-F5BD-4702-8A99-FA95B2E1FFED} = {E0E58BDF-FC49-4562-84B3-8F6CEF14DC88}
		{9F258006-5D31-4D3B-8B5E-8B4191D79575} = {E0E58BDF-FC49-4562-84B3-8F6CEF14DC88}
		{4B518361-1264-4EC5-AE3E-562364567DC3} = {EB836667-6B2B-441D-8B14-ED296FA4C0FC}
		{B2A59C33-7714-4EF1-A242-09FBC3A35A3E} = {EB836667-6B2B-441D-8B14-ED296FA4C0FC}
		{3E7101A3-70EF-45DE-A8E2-CBBF7796C959} = {EB836667-6B2B-441D-8B14-ED296FA4C0FC}
		{0A10B667-952D-446B-A748-6309F1FDE36A} = {EB836667-6B2B-441D-8B14-ED296FA4C0FC}
		{09B49E11-50B8-4BAB-A49D-847DD9D3093A} = {656DD36D-0CAE-4016-8E40-6C50B51581F9}
	EndGlobalSection
	GlobalSection(ExtensibilityGlobals) = postSolution
		SolutionGuid = {35EE3469-7718-469B-8627-307F5FFC7A63}
	EndGlobalSection
EndGlobal
